
Microsoft Visual Studio Solution File, Format Version 12.00
# Visual Studio Version 16
VisualStudioVersion = 16.0.29609.76
MinimumVisualStudioVersion = 10.0.40219.1
Project("{FAE04EC0-301F-11D3-BF4B-00C04F79EFBC}") = "Books.DAL", "Books.DAL\Books.DAL.csproj", "{05D1DBDB-C1B0-44AA-9C8C-51BBEA39D83E}"
EndProject
Project("{FAE04EC0-301F-11D3-BF4B-00C04F79EFBC}") = "Books.BL", "Books.BL\Books.BL.csproj", "{E8AE66D5-DD86-4132-9E16-D0A488C0BB65}"
EndProject
Project("{FAE04EC0-301F-11D3-BF4B-00C04F79EFBC}") = "Books.BL.Models", "Books.BL.Models\Books.BL.Models.csproj", "{C494C862-D109-4AD3-8675-74D1D5CE9574}"
EndProject
Project("{FAE04EC0-301F-11D3-BF4B-00C04F79EFBC}") = "Books.BL.Interfaces", "Books.BL.Interfaces\Books.BL.Interfaces.csproj", "{5D50C6FF-9110-422D-999B-9FCDA17262F8}"
EndProject
Project("{FAE04EC0-301F-11D3-BF4B-00C04F79EFBC}") = "Books.DAL.Models", "Books.DAL.Models\Books.DAL.Models.csproj", "{C92AFB62-A461-49FF-BE92-64A8E6891154}"
EndProject
Project("{FAE04EC0-301F-11D3-BF4B-00C04F79EFBC}") = "Books.DAL.Interfaces", "Books.DAL.Interfaces\Books.DAL.Interfaces.csproj", "{87EFDEAC-3A75-415F-BBAC-ED1A828B534A}"
EndProject
Project("{2150E333-8FDC-42A3-9474-1A3956D46DE8}") = "BL", "BL", "{02399572-61F1-4411-A9F5-1BA39026A178}"
EndProject
Project("{2150E333-8FDC-42A3-9474-1A3956D46DE8}") = "DAL", "DAL", "{996430B9-1B78-472D-B2D7-6E881BB23792}"
EndProject
Project("{FAE04EC0-301F-11D3-BF4B-00C04F79EFBC}") = "Books.BL.Tests", "Books.BL.Tests\Books.BL.Tests.csproj", "{34FEDBFD-D7E6-4EB5-B698-35B492FA500E}"
EndProject
Project("{00D1A9C2-B5F0-4AF3-8072-F6C62B433612}") = "BooksDb", "BooksDb\BooksDb.sqlproj", "{87C01A98-9677-46EF-962B-B4E31AE4256D}"
EndProject
Project("{FAE04EC0-301F-11D3-BF4B-00C04F79EFBC}") = "Books.WebApi.Tests", "Books.WebApi.Tests\Books.WebApi.Tests.csproj", "{7999C288-6BED-407B-A19B-E6C0151709F4}"
EndProject
Project("{FAE04EC0-301F-11D3-BF4B-00C04F79EFBC}") = "Books.WebApi", "Books.WebApi\Books.WebApi.csproj", "{54D60998-C302-4381-9D42-41E754975CCE}"
EndProject
Project("{2150E333-8FDC-42A3-9474-1A3956D46DE8}") = "WebApp", "WebApp", "{999220A8-9BE9-43FA-98CC-89D1329ABECF}"
EndProject
Project("{2150E333-8FDC-42A3-9474-1A3956D46DE8}") = "WebApi", "WebApi", "{9D76E585-19BB-4C08-AB7B-1A67E099A703}"
EndProject
Project("{FAE04EC0-301F-11D3-BF4B-00C04F79EFBC}") = "Books.WebApi.Configuration", "Books.WebApi.Configuration\Books.WebApi.Configuration.csproj", "{6367D09D-8B90-48AD-AEB1-E07AF98C834E}"
EndProject
Project("{FAE04EC0-301F-11D3-BF4B-00C04F79EFBC}") = "Books.WebApp.Configuration", "Books.WebApp.Configuration\Books.WebApp.Configuration.csproj", "{8BA3C998-5263-4A68-9065-C5A12477CFDA}"
EndProject
Project("{FAE04EC0-301F-11D3-BF4B-00C04F79EFBC}") = "Books.WebApp.Tests", "Books.WebApp.Tests\Books.WebApp.Tests.csproj", "{1C3E700C-EB45-46D6-85CF-7141B11C3936}"
EndProject
Project("{FAE04EC0-301F-11D3-BF4B-00C04F79EFBC}") = "Books.WebApp", "Books.WebApp\Books.WebApp.csproj", "{BA135040-F4E0-465A-9556-3F1BA43D8689}"
EndProject
Global
	GlobalSection(SolutionConfigurationPlatforms) = preSolution
		Debug|Any CPU = Debug|Any CPU
		Release|Any CPU = Release|Any CPU
	EndGlobalSection
	GlobalSection(ProjectConfigurationPlatforms) = postSolution
		{05D1DBDB-C1B0-44AA-9C8C-51BBEA39D83E}.Debug|Any CPU.ActiveCfg = Debug|Any CPU
		{05D1DBDB-C1B0-44AA-9C8C-51BBEA39D83E}.Debug|Any CPU.Build.0 = Debug|Any CPU
		{05D1DBDB-C1B0-44AA-9C8C-51BBEA39D83E}.Release|Any CPU.ActiveCfg = Release|Any CPU
		{05D1DBDB-C1B0-44AA-9C8C-51BBEA39D83E}.Release|Any CPU.Build.0 = Release|Any CPU
		{E8AE66D5-DD86-4132-9E16-D0A488C0BB65}.Debug|Any CPU.ActiveCfg = Debug|Any CPU
		{E8AE66D5-DD86-4132-9E16-D0A488C0BB65}.Debug|Any CPU.Build.0 = Debug|Any CPU
		{E8AE66D5-DD86-4132-9E16-D0A488C0BB65}.Release|Any CPU.ActiveCfg = Release|Any CPU
		{E8AE66D5-DD86-4132-9E16-D0A488C0BB65}.Release|Any CPU.Build.0 = Release|Any CPU
		{C494C862-D109-4AD3-8675-74D1D5CE9574}.Debug|Any CPU.ActiveCfg = Debug|Any CPU
		{C494C862-D109-4AD3-8675-74D1D5CE9574}.Debug|Any CPU.Build.0 = Debug|Any CPU
		{C494C862-D109-4AD3-8675-74D1D5CE9574}.Release|Any CPU.ActiveCfg = Release|Any CPU
		{C494C862-D109-4AD3-8675-74D1D5CE9574}.Release|Any CPU.Build.0 = Release|Any CPU
		{5D50C6FF-9110-422D-999B-9FCDA17262F8}.Debug|Any CPU.ActiveCfg = Debug|Any CPU
		{5D50C6FF-9110-422D-999B-9FCDA17262F8}.Debug|Any CPU.Build.0 = Debug|Any CPU
		{5D50C6FF-9110-422D-999B-9FCDA17262F8}.Release|Any CPU.ActiveCfg = Release|Any CPU
		{5D50C6FF-9110-422D-999B-9FCDA17262F8}.Release|Any CPU.Build.0 = Release|Any CPU
		{C92AFB62-A461-49FF-BE92-64A8E6891154}.Debug|Any CPU.ActiveCfg = Debug|Any CPU
		{C92AFB62-A461-49FF-BE92-64A8E6891154}.Debug|Any CPU.Build.0 = Debug|Any CPU
		{C92AFB62-A461-49FF-BE92-64A8E6891154}.Release|Any CPU.ActiveCfg = Release|Any CPU
		{C92AFB62-A461-49FF-BE92-64A8E6891154}.Release|Any CPU.Build.0 = Release|Any CPU
		{87EFDEAC-3A75-415F-BBAC-ED1A828B534A}.Debug|Any CPU.ActiveCfg = Debug|Any CPU
		{87EFDEAC-3A75-415F-BBAC-ED1A828B534A}.Debug|Any CPU.Build.0 = Debug|Any CPU
		{87EFDEAC-3A75-415F-BBAC-ED1A828B534A}.Release|Any CPU.ActiveCfg = Release|Any CPU
		{87EFDEAC-3A75-415F-BBAC-ED1A828B534A}.Release|Any CPU.Build.0 = Release|Any CPU
		{34FEDBFD-D7E6-4EB5-B698-35B492FA500E}.Debug|Any CPU.ActiveCfg = Debug|Any CPU
		{34FEDBFD-D7E6-4EB5-B698-35B492FA500E}.Debug|Any CPU.Build.0 = Debug|Any CPU
		{34FEDBFD-D7E6-4EB5-B698-35B492FA500E}.Release|Any CPU.ActiveCfg = Release|Any CPU
		{34FEDBFD-D7E6-4EB5-B698-35B492FA500E}.Release|Any CPU.Build.0 = Release|Any CPU
		{87C01A98-9677-46EF-962B-B4E31AE4256D}.Debug|Any CPU.ActiveCfg = Debug|Any CPU
		{87C01A98-9677-46EF-962B-B4E31AE4256D}.Debug|Any CPU.Build.0 = Debug|Any CPU
		{87C01A98-9677-46EF-962B-B4E31AE4256D}.Debug|Any CPU.Deploy.0 = Debug|Any CPU
		{87C01A98-9677-46EF-962B-B4E31AE4256D}.Release|Any CPU.ActiveCfg = Release|Any CPU
		{87C01A98-9677-46EF-962B-B4E31AE4256D}.Release|Any CPU.Build.0 = Release|Any CPU
		{87C01A98-9677-46EF-962B-B4E31AE4256D}.Release|Any CPU.Deploy.0 = Release|Any CPU
		{7999C288-6BED-407B-A19B-E6C0151709F4}.Debug|Any CPU.ActiveCfg = Debug|Any CPU
		{7999C288-6BED-407B-A19B-E6C0151709F4}.Debug|Any CPU.Build.0 = Debug|Any CPU
		{7999C288-6BED-407B-A19B-E6C0151709F4}.Release|Any CPU.ActiveCfg = Release|Any CPU
		{7999C288-6BED-407B-A19B-E6C0151709F4}.Release|Any CPU.Build.0 = Release|Any CPU
		{54D60998-C302-4381-9D42-41E754975CCE}.Debug|Any CPU.ActiveCfg = Debug|Any CPU
		{54D60998-C302-4381-9D42-41E754975CCE}.Debug|Any CPU.Build.0 = Debug|Any CPU
		{54D60998-C302-4381-9D42-41E754975CCE}.Release|Any CPU.ActiveCfg = Release|Any CPU
		{54D60998-C302-4381-9D42-41E754975CCE}.Release|Any CPU.Build.0 = Release|Any CPU
		{6367D09D-8B90-48AD-AEB1-E07AF98C834E}.Debug|Any CPU.ActiveCfg = Debug|Any CPU
		{6367D09D-8B90-48AD-AEB1-E07AF98C834E}.Debug|Any CPU.Build.0 = Debug|Any CPU
		{6367D09D-8B90-48AD-AEB1-E07AF98C834E}.Release|Any CPU.ActiveCfg = Release|Any CPU
		{6367D09D-8B90-48AD-AEB1-E07AF98C834E}.Release|Any CPU.Build.0 = Release|Any CPU
		{8BA3C998-5263-4A68-9065-C5A12477CFDA}.Debug|Any CPU.ActiveCfg = Debug|Any CPU
		{8BA3C998-5263-4A68-9065-C5A12477CFDA}.Debug|Any CPU.Build.0 = Debug|Any CPU
		{8BA3C998-5263-4A68-9065-C5A12477CFDA}.Release|Any CPU.ActiveCfg = Release|Any CPU
		{8BA3C998-5263-4A68-9065-C5A12477CFDA}.Release|Any CPU.Build.0 = Release|Any CPU
		{1C3E700C-EB45-46D6-85CF-7141B11C3936}.Debug|Any CPU.ActiveCfg = Debug|Any CPU
		{1C3E700C-EB45-46D6-85CF-7141B11C3936}.Debug|Any CPU.Build.0 = Debug|Any CPU
		{1C3E700C-EB45-46D6-85CF-7141B11C3936}.Release|Any CPU.ActiveCfg = Release|Any CPU
		{1C3E700C-EB45-46D6-85CF-7141B11C3936}.Release|Any CPU.Build.0 = Release|Any CPU
		{BA135040-F4E0-465A-9556-3F1BA43D8689}.Debug|Any CPU.ActiveCfg = Debug|Any CPU
		{BA135040-F4E0-465A-9556-3F1BA43D8689}.Debug|Any CPU.Build.0 = Debug|Any CPU
		{BA135040-F4E0-465A-9556-3F1BA43D8689}.Release|Any CPU.ActiveCfg = Release|Any CPU
		{BA135040-F4E0-465A-9556-3F1BA43D8689}.Release|Any CPU.Build.0 = Release|Any CPU
	EndGlobalSection
	GlobalSection(SolutionProperties) = preSolution
		HideSolutionNode = FALSE
	EndGlobalSection
	GlobalSection(NestedProjects) = preSolution
		{05D1DBDB-C1B0-44AA-9C8C-51BBEA39D83E} = {996430B9-1B78-472D-B2D7-6E881BB23792}
		{E8AE66D5-DD86-4132-9E16-D0A488C0BB65} = {02399572-61F1-4411-A9F5-1BA39026A178}
		{C494C862-D109-4AD3-8675-74D1D5CE9574} = {02399572-61F1-4411-A9F5-1BA39026A178}
		{5D50C6FF-9110-422D-999B-9FCDA17262F8} = {02399572-61F1-4411-A9F5-1BA39026A178}
		{C92AFB62-A461-49FF-BE92-64A8E6891154} = {996430B9-1B78-472D-B2D7-6E881BB23792}
		{87EFDEAC-3A75-415F-BBAC-ED1A828B534A} = {996430B9-1B78-472D-B2D7-6E881BB23792}
		{34FEDBFD-D7E6-4EB5-B698-35B492FA500E} = {02399572-61F1-4411-A9F5-1BA39026A178}
		{87C01A98-9677-46EF-962B-B4E31AE4256D} = {996430B9-1B78-472D-B2D7-6E881BB23792}
		{7999C288-6BED-407B-A19B-E6C0151709F4} = {9D76E585-19BB-4C08-AB7B-1A67E099A703}
		{54D60998-C302-4381-9D42-41E754975CCE} = {9D76E585-19BB-4C08-AB7B-1A67E099A703}
		{6367D09D-8B90-48AD-AEB1-E07AF98C834E} = {9D76E585-19BB-4C08-AB7B-1A67E099A703}
		{8BA3C998-5263-4A68-9065-C5A12477CFDA} = {999220A8-9BE9-43FA-98CC-89D1329ABECF}
		{1C3E700C-EB45-46D6-85CF-7141B11C3936} = {999220A8-9BE9-43FA-98CC-89D1329ABECF}
		{BA135040-F4E0-465A-9556-3F1BA43D8689} = {999220A8-9BE9-43FA-98CC-89D1329ABECF}
	EndGlobalSection
	GlobalSection(ExtensibilityGlobals) = postSolution
		SolutionGuid = {C05183E7-D9F2-4D58-AD21-041B9E382C6F}
	EndGlobalSection
EndGlobal
